<?xml version="1.0" encoding="utf-8"?>
<Project ToolsVersion="4.0" xmlns="http://schemas.microsoft.com/developer/msbuild/2003">
  <ItemGroup>
    <Filter Include="ソース ファイル">
      <UniqueIdentifier>{4FC737F1-C7A5-4376-A066-2A32D752A2FF}</UniqueIdentifier>
      <Extensions>cpp;c;cc;cxx;def;odl;idl;hpj;bat;asm;asmx</Extensions>
    </Filter>
    <Filter Include="ヘッダー ファイル">
      <UniqueIdentifier>{93995380-89BD-4b04-88EB-625FBE52EBFB}</UniqueIdentifier>
      <Extensions>h;hpp;hxx;hm;inl;inc;xsd</Extensions>
    </Filter>
    <Filter Include="リソース ファイル">
      <UniqueIdentifier>{67DA6AB6-F800-4c08-8B7A-83BB121AAD01}</UniqueIdentifier>
      <Extensions>rc;ico;cur;bmp;dlg;rc2;rct;bin;rgs;gif;jpg;jpeg;jpe;resx;tiff;tif;png;wav;mfcribbon-ms</Extensions>
    </Filter>
    <Filter Include="ソース ファイル\ELAS">
      <UniqueIdentifier>{9efa5312-e63a-42a2-9dcd-fb5d08c9902c}</UniqueIdentifier>
    </Filter>
  </ItemGroup>
  <ItemGroup>
    <ClCompile Include="main.cpp">
      <Filter>ソース ファイル</Filter>
    </ClCompile>
    <ClCompile Include="matrix.cpp">
      <Filter>ソース ファイル\ELAS</Filter>
    </ClCompile>
    <ClCompile Include="elas.cpp">
      <Filter>ソース ファイル\ELAS</Filter>
    </ClCompile>
    <ClCompile Include="filter.cpp">
      <Filter>ソース ファイル\ELAS</Filter>
    </ClCompile>
    <ClCompile Include="triangle.cpp">
      <Filter>ソース ファイル\ELAS</Filter>
    </ClCompile>
    <ClCompile Include="descriptor.cpp">
      <Filter>ソース ファイル\ELAS</Filter>
    </ClCompile>
  </ItemGroup>
  <ItemGroup>
    <ClInclude Include="descriptor.h">
      <Filter>ソース ファイル\ELAS</Filter>
    </ClInclude>
    <ClInclude Include="matrix.h">
      <Filter>ソース ファイル\ELAS</Filter>
    </ClInclude>
    <ClInclude Include="triangle.h">
      <Filter>ソース ファイル\ELAS</Filter>
    </ClInclude>
    <ClInclude Include="filter.h">
      <Filter>ソース ファイル\ELAS</Filter>
    </ClInclude>
    <ClInclude Include="image.h">
      <Filter>ソース ファイル\ELAS</Filter>
    </ClInclude>
    <ClInclude Include="StereoEfficientLargeScale.h">
      <Filter>ソース ファイル</Filter>
    </ClInclude>
  </ItemGroup>
</Project>